
Microsoft Visual Studio Solution File, Format Version 12.00
# Visual Studio Version 17
VisualStudioVersion = 17.7.34221.43
MinimumVisualStudioVersion = 10.0.40219.1
Project("{FAE04EC0-301F-11D3-BF4B-00C04F79EFBC}") = "MiniShop", "MiniShop\MiniShop.csproj", "{8EDB727C-507B-4EC6-A752-3F00EEF90E4B}"
EndProject
Project("{9A19103F-16F7-4668-BE54-9A1E7A4F7556}") = "MiniShop.Entity", "MiniShop.Entity\MiniShop.Entity.csproj", "{E9207943-22B0-4AF0-80BF-E80EB0547B77}"
EndProject
Project("{9A19103F-16F7-4668-BE54-9A1E7A4F7556}") = "MiniShop.UseCase", "MiniShop.UseCase\MiniShop.UseCase.csproj", "{758B0333-D498-4E2A-8AE1-0FA3A8EE266A}"
EndProject
Project("{FAE04EC0-301F-11D3-BF4B-00C04F79EFBC}") = "MiniShop.Adapter", "MiniShop.Adapter\MiniShop.Adapter.csproj", "{19950926-62E7-44AB-B7DC-A08651AF098B}"
EndProject
Project("{9A19103F-16F7-4668-BE54-9A1E7A4F7556}") = "MiniShop.Repository", "MiniShop.Repository\MiniShop.Repository.csproj", "{66D06DA7-F5A5-44DC-8E72-CD393909C417}"
EndProject
Project("{9A19103F-16F7-4668-BE54-9A1E7A4F7556}") = "MiniShop.Repository.InMemory", "MiniShop.Repository.InMemory\MiniShop.Repository.InMemory.csproj", "{852FDCEF-DC80-4CF3-AFE8-67663EB6B0A4}"
EndProject
Global
	GlobalSection(SolutionConfigurationPlatforms) = preSolution
		Debug|Any CPU = Debug|Any CPU
		Release|Any CPU = Release|Any CPU
	EndGlobalSection
	GlobalSection(ProjectConfigurationPlatforms) = postSolution
		{8EDB727C-507B-4EC6-A752-3F00EEF90E4B}.Debug|Any CPU.ActiveCfg = Debug|Any CPU
		{8EDB727C-507B-4EC6-A752-3F00EEF90E4B}.Debug|Any CPU.Build.0 = Debug|Any CPU
		{8EDB727C-507B-4EC6-A752-3F00EEF90E4B}.Release|Any CPU.ActiveCfg = Release|Any CPU
		{8EDB727C-507B-4EC6-A752-3F00EEF90E4B}.Release|Any CPU.Build.0 = Release|Any CPU
		{E9207943-22B0-4AF0-80BF-E80EB0547B77}.Debug|Any CPU.ActiveCfg = Debug|Any CPU
		{E9207943-22B0-4AF0-80BF-E80EB0547B77}.Debug|Any CPU.Build.0 = Debug|Any CPU
		{E9207943-22B0-4AF0-80BF-E80EB0547B77}.Release|Any CPU.ActiveCfg = Release|Any CPU
		{E9207943-22B0-4AF0-80BF-E80EB0547B77}.Release|Any CPU.Build.0 = Release|Any CPU
		{758B0333-D498-4E2A-8AE1-0FA3A8EE266A}.Debug|Any CPU.ActiveCfg = Debug|Any CPU
		{758B0333-D498-4E2A-8AE1-0FA3A8EE266A}.Debug|Any CPU.Build.0 = Debug|Any CPU
		{758B0333-D498-4E2A-8AE1-0FA3A8EE266A}.Release|Any CPU.ActiveCfg = Release|Any CPU
		{758B0333-D498-4E2A-8AE1-0FA3A8EE266A}.Release|Any CPU.Build.0 = Release|Any CPU
		{19950926-62E7-44AB-B7DC-A08651AF098B}.Debug|Any CPU.ActiveCfg = Debug|Any CPU
		{19950926-62E7-44AB-B7DC-A08651AF098B}.Debug|Any CPU.Build.0 = Debug|Any CPU
		{19950926-62E7-44AB-B7DC-A08651AF098B}.Release|Any CPU.ActiveCfg = Release|Any CPU
		{19950926-62E7-44AB-B7DC-A08651AF098B}.Release|Any CPU.Build.0 = Release|Any CPU
		{66D06DA7-F5A5-44DC-8E72-CD393909C417}.Debug|Any CPU.ActiveCfg = Debug|Any CPU
		{66D06DA7-F5A5-44DC-8E72-CD393909C417}.Debug|Any CPU.Build.0 = Debug|Any CPU
		{66D06DA7-F5A5-44DC-8E72-CD393909C417}.Release|Any CPU.ActiveCfg = Release|Any CPU
		{66D06DA7-F5A5-44DC-8E72-CD393909C417}.Release|Any CPU.Build.0 = Release|Any CPU
		{852FDCEF-DC80-4CF3-AFE8-67663EB6B0A4}.Debug|Any CPU.ActiveCfg = Debug|Any CPU
		{852FDCEF-DC80-4CF3-AFE8-67663EB6B0A4}.Debug|Any CPU.Build.0 = Debug|Any CPU
		{852FDCEF-DC80-4CF3-AFE8-67663EB6B0A4}.Release|Any CPU.ActiveCfg = Release|Any CPU
		{852FDCEF-DC80-4CF3-AFE8-67663EB6B0A4}.Release|Any CPU.Build.0 = Release|Any CPU
	EndGlobalSection
	GlobalSection(SolutionProperties) = preSolution
		HideSolutionNode = FALSE
	EndGlobalSection
	GlobalSection(ExtensibilityGlobals) = postSolution
		SolutionGuid = {E078DBFC-B09C-41EE-BEBC-CFADFAA79758}
	EndGlobalSection
EndGlobal
